
Microsoft Visual Studio Solution File, Format Version 12.00
# Visual Studio Version 16
VisualStudioVersion = 16.0.31005.135
MinimumVisualStudioVersion = 10.0.40219.1
Project("{FAE04EC0-301F-11D3-BF4B-00C04F79EFBC}") = "TestGEOITDClient", "TestGEOITDClient\TestGEOITDClient.csproj", "{706EAEA4-C965-42AA-8E9C-4CE4309F4407}"
EndProject
Project("{2150E333-8FDC-42A3-9474-1A3956D46DE8}") = "RES ReqManager", "RES ReqManager", "{0D8413A8-70EB-4EED-BFFC-D340587B465F}"
EndProject
Project("{2150E333-8FDC-42A3-9474-1A3956D46DE8}") = "Client", "Client", "{29BA1CE0-5D39-47E4-9937-42D161C56BB4}"
EndProject
Project("{2150E333-8FDC-42A3-9474-1A3956D46DE8}") = "Server", "Server", "{E23FFC87-641A-4A96-B32E-13B0BC450A32}"
EndProject
Project("{2150E333-8FDC-42A3-9474-1A3956D46DE8}") = "Setup", "Setup", "{7166CEFE-339D-44C4-A620-7E280382D3AE}"
EndProject
Project("{2150E333-8FDC-42A3-9474-1A3956D46DE8}") = "Windows Service", "Windows Service", "{A15069A8-A7F5-4A7F-9F4A-649F8D791563}"
EndProject
Project("{FAE04EC0-301F-11D3-BF4B-00C04F79EFBC}") = "TWS.Marshalling", "..\TWS.RES.ReqManager\Server\TWS.Marshaling\TWS.Marshalling.csproj", "{A9446E3F-511A-4EC2-A3F0-42AD3EED3228}"
EndProject
Project("{FAE04EC0-301F-11D3-BF4B-00C04F79EFBC}") = "TWS.Networking.ReqInstance", "..\TWS.RES.ReqManager\Server\TWS.Networking.ReqInstance\TWS.Networking.ReqInstance.csproj", "{DF81E9B5-BDFA-4616-BF1D-82A855C95DF4}"
EndProject
Project("{FAE04EC0-301F-11D3-BF4B-00C04F79EFBC}") = "TWS.Networking.Structs", "..\TWS.RES.ReqManager\Server\TWS.Networking.Structs\TWS.Networking.Structs.csproj", "{F3273890-3EFC-4EEC-ADC0-1E73997B7BDE}"
EndProject
Project("{FAE04EC0-301F-11D3-BF4B-00C04F79EFBC}") = "TWS.Networking.TServer", "..\TWS.RES.ReqManager\Server\TWS.Networking.TServer\TWS.Networking.TServer.csproj", "{05D79234-B1A2-44EE-91D1-336227F028EC}"
EndProject
Project("{8BC9CEB8-8B4A-11D0-8D11-00A0C91BC942}") = "WSReqClientW32", "..\TWS.RES.ReqManager\Client\WSReqClientW32\WSReqClientW32.vcxproj", "{B0D1C26E-5A1B-4790-B5D9-E9855EC91C7F}"
EndProject
Project("{8BC9CEB8-8B4A-11D0-8D11-00A0C91BC942}") = "TWS.RES.GeoITDClientW32", "..\TWS.RES.ReqManager\Client\TWS.RES.GeoITDClientW32\TWS.RES.GeoITDClient.vcxproj", "{06EC8784-6E4A-4400-91BD-91E663CC104C}"
	ProjectSection(ProjectDependencies) = postProject
		{B0D1C26E-5A1B-4790-B5D9-E9855EC91C7F} = {B0D1C26E-5A1B-4790-B5D9-E9855EC91C7F}
	EndProjectSection
EndProject
Project("{8BC9CEB8-8B4A-11D0-8D11-00A0C91BC942}") = "TestGeoITDClientC++", "TestGeoITDClientC++\TestGeoITDClientC++.vcxproj", "{FE7F07B6-494F-48BA-8E5F-3069C6CAC461}"
EndProject
Project("{FAE04EC0-301F-11D3-BF4B-00C04F79EFBC}") = "TWS.RES.GeoITD.REQServer", "..\TWS.RES.ReqManager\Server\TWS.RES.GeoITD.REQServer\TWS.RES.GeoITD.REQServer.csproj", "{2CB73C67-E651-47F3-AECF-2540C29E6E6E}"
EndProject
Project("{FAE04EC0-301F-11D3-BF4B-00C04F79EFBC}") = "TWS.RES.QR.PromotionReqInstance", "..\TWS.RES.ReqManager\Server\TWS.RES.GeoITDSInstance\TWS.RES.QR.PromotionReqInstance.csproj", "{44B8233D-96C9-48D6-99E8-9FA231455D3C}"
EndProject
Project("{2150E333-8FDC-42A3-9474-1A3956D46DE8}") = "QR Web Client", "QR Web Client", "{02273822-C949-4F53-9702-723816DFC5D3}"
EndProject
Project("{2150E333-8FDC-42A3-9474-1A3956D46DE8}") = "Test", "Test", "{ADF6EE36-CBEF-46BD-96E1-6E5CBE75C32E}"
EndProject
Project("{2150E333-8FDC-42A3-9474-1A3956D46DE8}") = "Solution Items", "Solution Items", "{3734248D-C794-426E-8456-2CA05048BADF}"
	ProjectSection(SolutionItems) = preProject
		ToDo.txt = ToDo.txt
	EndProjectSection
EndProject
Project("{54435603-DBB4-11D2-8724-00A0C9A8B90C}") = "REQServiceInstaller", "..\TWS.RES.ReqManager\Server\REQServiceInstaller\REQServiceInstaller.vdproj", "{ABCD54F3-1956-45C0-AD26-11B574A7C9F9}"
EndProject
Project("{2150E333-8FDC-42A3-9474-1A3956D46DE8}") = "Configuration", "Configuration", "{5653B6B3-F2FD-4035-801A-7AF58358A001}"
EndProject
Project("{FAE04EC0-301F-11D3-BF4B-00C04F79EFBC}") = "tws.qr.Configuration", "..\tws.qr.Configuration\tws.qr.Configuration.csproj", "{8B501FB4-CC32-465E-8C62-DFC2F195920F}"
EndProject
Project("{FAE04EC0-301F-11D3-BF4B-00C04F79EFBC}") = "TWS.QR.PromotionClient", "TWS.QR.PromotionClient\TWS.QR.PromotionClient.csproj", "{E0E72711-584E-4297-BAB5-3BA8D82FF2BD}"
EndProject
Global
	GlobalSection(SolutionConfigurationPlatforms) = preSolution
		Debug|Any CPU = Debug|Any CPU
		Debug|x64 = Debug|x64
		Debug|x86 = Debug|x86
		Release|Any CPU = Release|Any CPU
		Release|x64 = Release|x64
		Release|x86 = Release|x86
	EndGlobalSection
	GlobalSection(ProjectConfigurationPlatforms) = postSolution
		{706EAEA4-C965-42AA-8E9C-4CE4309F4407}.Debug|Any CPU.ActiveCfg = Debug|Any CPU
		{706EAEA4-C965-42AA-8E9C-4CE4309F4407}.Debug|Any CPU.Build.0 = Debug|Any CPU
		{706EAEA4-C965-42AA-8E9C-4CE4309F4407}.Debug|x64.ActiveCfg = Debug|Any CPU
		{706EAEA4-C965-42AA-8E9C-4CE4309F4407}.Debug|x64.Build.0 = Debug|Any CPU
		{706EAEA4-C965-42AA-8E9C-4CE4309F4407}.Debug|x86.ActiveCfg = Debug|Any CPU
		{706EAEA4-C965-42AA-8E9C-4CE4309F4407}.Debug|x86.Build.0 = Debug|Any CPU
		{706EAEA4-C965-42AA-8E9C-4CE4309F4407}.Release|Any CPU.ActiveCfg = Release|Any CPU
		{706EAEA4-C965-42AA-8E9C-4CE4309F4407}.Release|Any CPU.Build.0 = Release|Any CPU
		{706EAEA4-C965-42AA-8E9C-4CE4309F4407}.Release|x64.ActiveCfg = Release|Any CPU
		{706EAEA4-C965-42AA-8E9C-4CE4309F4407}.Release|x64.Build.0 = Release|Any CPU
		{706EAEA4-C965-42AA-8E9C-4CE4309F4407}.Release|x86.ActiveCfg = Release|Any CPU
		{706EAEA4-C965-42AA-8E9C-4CE4309F4407}.Release|x86.Build.0 = Release|Any CPU
		{A9446E3F-511A-4EC2-A3F0-42AD3EED3228}.Debug|Any CPU.ActiveCfg = Debug|Any CPU
		{A9446E3F-511A-4EC2-A3F0-42AD3EED3228}.Debug|Any CPU.Build.0 = Debug|Any CPU
		{A9446E3F-511A-4EC2-A3F0-42AD3EED3228}.Debug|x64.ActiveCfg = Debug|Any CPU
		{A9446E3F-511A-4EC2-A3F0-42AD3EED3228}.Debug|x64.Build.0 = Debug|Any CPU
		{A9446E3F-511A-4EC2-A3F0-42AD3EED3228}.Debug|x86.ActiveCfg = Debug|Any CPU
		{A9446E3F-511A-4EC2-A3F0-42AD3EED3228}.Debug|x86.Build.0 = Debug|Any CPU
		{A9446E3F-511A-4EC2-A3F0-42AD3EED3228}.Release|Any CPU.ActiveCfg = Release|Any CPU
		{A9446E3F-511A-4EC2-A3F0-42AD3EED3228}.Release|Any CPU.Build.0 = Release|Any CPU
		{A9446E3F-511A-4EC2-A3F0-42AD3EED3228}.Release|x64.ActiveCfg = Release|Any CPU
		{A9446E3F-511A-4EC2-A3F0-42AD3EED3228}.Release|x64.Build.0 = Release|Any CPU
		{A9446E3F-511A-4EC2-A3F0-42AD3EED3228}.Release|x86.ActiveCfg = Release|Any CPU
		{A9446E3F-511A-4EC2-A3F0-42AD3EED3228}.Release|x86.Build.0 = Release|Any CPU
		{DF81E9B5-BDFA-4616-BF1D-82A855C95DF4}.Debug|Any CPU.ActiveCfg = Debug|Any CPU
		{DF81E9B5-BDFA-4616-BF1D-82A855C95DF4}.Debug|Any CPU.Build.0 = Debug|Any CPU
		{DF81E9B5-BDFA-4616-BF1D-82A855C95DF4}.Debug|x64.ActiveCfg = Debug|Any CPU
		{DF81E9B5-BDFA-4616-BF1D-82A855C95DF4}.Debug|x64.Build.0 = Debug|Any CPU
		{DF81E9B5-BDFA-4616-BF1D-82A855C95DF4}.Debug|x86.ActiveCfg = Debug|Any CPU
		{DF81E9B5-BDFA-4616-BF1D-82A855C95DF4}.Debug|x86.Build.0 = Debug|Any CPU
		{DF81E9B5-BDFA-4616-BF1D-82A855C95DF4}.Release|Any CPU.ActiveCfg = Release|Any CPU
		{DF81E9B5-BDFA-4616-BF1D-82A855C95DF4}.Release|Any CPU.Build.0 = Release|Any CPU
		{DF81E9B5-BDFA-4616-BF1D-82A855C95DF4}.Release|x64.ActiveCfg = Release|Any CPU
		{DF81E9B5-BDFA-4616-BF1D-82A855C95DF4}.Release|x64.Build.0 = Release|Any CPU
		{DF81E9B5-BDFA-4616-BF1D-82A855C95DF4}.Release|x86.ActiveCfg = Release|Any CPU
		{DF81E9B5-BDFA-4616-BF1D-82A855C95DF4}.Release|x86.Build.0 = Release|Any CPU
		{F3273890-3EFC-4EEC-ADC0-1E73997B7BDE}.Debug|Any CPU.ActiveCfg = Debug|Any CPU
		{F3273890-3EFC-4EEC-ADC0-1E73997B7BDE}.Debug|Any CPU.Build.0 = Debug|Any CPU
		{F3273890-3EFC-4EEC-ADC0-1E73997B7BDE}.Debug|x64.ActiveCfg = Debug|Any CPU
		{F3273890-3EFC-4EEC-ADC0-1E73997B7BDE}.Debug|x64.Build.0 = Debug|Any CPU
		{F3273890-3EFC-4EEC-ADC0-1E73997B7BDE}.Debug|x86.ActiveCfg = Debug|Any CPU
		{F3273890-3EFC-4EEC-ADC0-1E73997B7BDE}.Debug|x86.Build.0 = Debug|Any CPU
		{F3273890-3EFC-4EEC-ADC0-1E73997B7BDE}.Release|Any CPU.ActiveCfg = Release|Any CPU
		{F3273890-3EFC-4EEC-ADC0-1E73997B7BDE}.Release|Any CPU.Build.0 = Release|Any CPU
		{F3273890-3EFC-4EEC-ADC0-1E73997B7BDE}.Release|x64.ActiveCfg = Release|Any CPU
		{F3273890-3EFC-4EEC-ADC0-1E73997B7BDE}.Release|x64.Build.0 = Release|Any CPU
		{F3273890-3EFC-4EEC-ADC0-1E73997B7BDE}.Release|x86.ActiveCfg = Release|Any CPU
		{F3273890-3EFC-4EEC-ADC0-1E73997B7BDE}.Release|x86.Build.0 = Release|Any CPU
		{05D79234-B1A2-44EE-91D1-336227F028EC}.Debug|Any CPU.ActiveCfg = Debug|Any CPU
		{05D79234-B1A2-44EE-91D1-336227F028EC}.Debug|Any CPU.Build.0 = Debug|Any CPU
		{05D79234-B1A2-44EE-91D1-336227F028EC}.Debug|x64.ActiveCfg = Debug|Any CPU
		{05D79234-B1A2-44EE-91D1-336227F028EC}.Debug|x64.Build.0 = Debug|Any CPU
		{05D79234-B1A2-44EE-91D1-336227F028EC}.Debug|x86.ActiveCfg = Debug|Any CPU
		{05D79234-B1A2-44EE-91D1-336227F028EC}.Debug|x86.Build.0 = Debug|Any CPU
		{05D79234-B1A2-44EE-91D1-336227F028EC}.Release|Any CPU.ActiveCfg = Release|Any CPU
		{05D79234-B1A2-44EE-91D1-336227F028EC}.Release|Any CPU.Build.0 = Release|Any CPU
		{05D79234-B1A2-44EE-91D1-336227F028EC}.Release|x64.ActiveCfg = Release|Any CPU
		{05D79234-B1A2-44EE-91D1-336227F028EC}.Release|x64.Build.0 = Release|Any CPU
		{05D79234-B1A2-44EE-91D1-336227F028EC}.Release|x86.ActiveCfg = Release|Any CPU
		{05D79234-B1A2-44EE-91D1-336227F028EC}.Release|x86.Build.0 = Release|Any CPU
		{B0D1C26E-5A1B-4790-B5D9-E9855EC91C7F}.Debug|Any CPU.ActiveCfg = Debug|Win32
		{B0D1C26E-5A1B-4790-B5D9-E9855EC91C7F}.Debug|x64.ActiveCfg = Debug|Win32
		{B0D1C26E-5A1B-4790-B5D9-E9855EC91C7F}.Debug|x86.ActiveCfg = Debug|Win32
		{B0D1C26E-5A1B-4790-B5D9-E9855EC91C7F}.Debug|x86.Build.0 = Debug|Win32
		{B0D1C26E-5A1B-4790-B5D9-E9855EC91C7F}.Release|Any CPU.ActiveCfg = Release|Win32
		{B0D1C26E-5A1B-4790-B5D9-E9855EC91C7F}.Release|x64.ActiveCfg = Release|Win32
		{B0D1C26E-5A1B-4790-B5D9-E9855EC91C7F}.Release|x86.ActiveCfg = Release|Win32
		{B0D1C26E-5A1B-4790-B5D9-E9855EC91C7F}.Release|x86.Build.0 = Release|Win32
		{06EC8784-6E4A-4400-91BD-91E663CC104C}.Debug|Any CPU.ActiveCfg = Debug|Win32
		{06EC8784-6E4A-4400-91BD-91E663CC104C}.Debug|x64.ActiveCfg = Debug|Win32
		{06EC8784-6E4A-4400-91BD-91E663CC104C}.Debug|x86.ActiveCfg = Debug|Win32
		{06EC8784-6E4A-4400-91BD-91E663CC104C}.Debug|x86.Build.0 = Debug|Win32
		{06EC8784-6E4A-4400-91BD-91E663CC104C}.Release|Any CPU.ActiveCfg = Release|Win32
		{06EC8784-6E4A-4400-91BD-91E663CC104C}.Release|x64.ActiveCfg = Release|Win32
		{06EC8784-6E4A-4400-91BD-91E663CC104C}.Release|x86.ActiveCfg = Release|Win32
		{06EC8784-6E4A-4400-91BD-91E663CC104C}.Release|x86.Build.0 = Release|Win32
		{FE7F07B6-494F-48BA-8E5F-3069C6CAC461}.Debug|Any CPU.ActiveCfg = Debug|Win32
		{FE7F07B6-494F-48BA-8E5F-3069C6CAC461}.Debug|x64.ActiveCfg = Debug|x64
		{FE7F07B6-494F-48BA-8E5F-3069C6CAC461}.Debug|x64.Build.0 = Debug|x64
		{FE7F07B6-494F-48BA-8E5F-3069C6CAC461}.Debug|x86.ActiveCfg = Debug|Win32
		{FE7F07B6-494F-48BA-8E5F-3069C6CAC461}.Debug|x86.Build.0 = Debug|Win32
		{FE7F07B6-494F-48BA-8E5F-3069C6CAC461}.Release|Any CPU.ActiveCfg = Release|Win32
		{FE7F07B6-494F-48BA-8E5F-3069C6CAC461}.Release|x64.ActiveCfg = Release|x64
		{FE7F07B6-494F-48BA-8E5F-3069C6CAC461}.Release|x64.Build.0 = Release|x64
		{FE7F07B6-494F-48BA-8E5F-3069C6CAC461}.Release|x86.ActiveCfg = Release|Win32
		{FE7F07B6-494F-48BA-8E5F-3069C6CAC461}.Release|x86.Build.0 = Release|Win32
		{2CB73C67-E651-47F3-AECF-2540C29E6E6E}.Debug|Any CPU.ActiveCfg = Debug|Any CPU
		{2CB73C67-E651-47F3-AECF-2540C29E6E6E}.Debug|Any CPU.Build.0 = Debug|Any CPU
		{2CB73C67-E651-47F3-AECF-2540C29E6E6E}.Debug|x64.ActiveCfg = Debug|Any CPU
		{2CB73C67-E651-47F3-AECF-2540C29E6E6E}.Debug|x64.Build.0 = Debug|Any CPU
		{2CB73C67-E651-47F3-AECF-2540C29E6E6E}.Debug|x86.ActiveCfg = Debug|Any CPU
		{2CB73C67-E651-47F3-AECF-2540C29E6E6E}.Debug|x86.Build.0 = Debug|Any CPU
		{2CB73C67-E651-47F3-AECF-2540C29E6E6E}.Release|Any CPU.ActiveCfg = Release|Any CPU
		{2CB73C67-E651-47F3-AECF-2540C29E6E6E}.Release|Any CPU.Build.0 = Release|Any CPU
		{2CB73C67-E651-47F3-AECF-2540C29E6E6E}.Release|x64.ActiveCfg = Release|Any CPU
		{2CB73C67-E651-47F3-AECF-2540C29E6E6E}.Release|x64.Build.0 = Release|Any CPU
		{2CB73C67-E651-47F3-AECF-2540C29E6E6E}.Release|x86.ActiveCfg = Release|Any CPU
		{2CB73C67-E651-47F3-AECF-2540C29E6E6E}.Release|x86.Build.0 = Release|Any CPU
		{44B8233D-96C9-48D6-99E8-9FA231455D3C}.Debug|Any CPU.ActiveCfg = Debug|Any CPU
		{44B8233D-96C9-48D6-99E8-9FA231455D3C}.Debug|Any CPU.Build.0 = Debug|Any CPU
		{44B8233D-96C9-48D6-99E8-9FA231455D3C}.Debug|x64.ActiveCfg = Debug|Any CPU
		{44B8233D-96C9-48D6-99E8-9FA231455D3C}.Debug|x64.Build.0 = Debug|Any CPU
		{44B8233D-96C9-48D6-99E8-9FA231455D3C}.Debug|x86.ActiveCfg = Debug|Any CPU
		{44B8233D-96C9-48D6-99E8-9FA231455D3C}.Debug|x86.Build.0 = Debug|Any CPU
		{44B8233D-96C9-48D6-99E8-9FA231455D3C}.Release|Any CPU.ActiveCfg = Release|Any CPU
		{44B8233D-96C9-48D6-99E8-9FA231455D3C}.Release|Any CPU.Build.0 = Release|Any CPU
		{44B8233D-96C9-48D6-99E8-9FA231455D3C}.Release|x64.ActiveCfg = Release|Any CPU
		{44B8233D-96C9-48D6-99E8-9FA231455D3C}.Release|x64.Build.0 = Release|Any CPU
		{44B8233D-96C9-48D6-99E8-9FA231455D3C}.Release|x86.ActiveCfg = Release|Any CPU
		{44B8233D-96C9-48D6-99E8-9FA231455D3C}.Release|x86.Build.0 = Release|Any CPU
		{ABCD54F3-1956-45C0-AD26-11B574A7C9F9}.Debug|Any CPU.ActiveCfg = Debug
		{ABCD54F3-1956-45C0-AD26-11B574A7C9F9}.Debug|Any CPU.Build.0 = Debug
		{ABCD54F3-1956-45C0-AD26-11B574A7C9F9}.Debug|x64.ActiveCfg = Debug
		{ABCD54F3-1956-45C0-AD26-11B574A7C9F9}.Debug|x64.Build.0 = Debug
		{ABCD54F3-1956-45C0-AD26-11B574A7C9F9}.Debug|x86.ActiveCfg = Debug
		{ABCD54F3-1956-45C0-AD26-11B574A7C9F9}.Debug|x86.Build.0 = Debug
		{ABCD54F3-1956-45C0-AD26-11B574A7C9F9}.Release|Any CPU.ActiveCfg = Release
		{ABCD54F3-1956-45C0-AD26-11B574A7C9F9}.Release|Any CPU.Build.0 = Release
		{ABCD54F3-1956-45C0-AD26-11B574A7C9F9}.Release|x64.ActiveCfg = Release
		{ABCD54F3-1956-45C0-AD26-11B574A7C9F9}.Release|x64.Build.0 = Release
		{ABCD54F3-1956-45C0-AD26-11B574A7C9F9}.Release|x86.ActiveCfg = Release
		{ABCD54F3-1956-45C0-AD26-11B574A7C9F9}.Release|x86.Build.0 = Release
		{8B501FB4-CC32-465E-8C62-DFC2F195920F}.Debug|Any CPU.ActiveCfg = Debug|Any CPU
		{8B501FB4-CC32-465E-8C62-DFC2F195920F}.Debug|Any CPU.Build.0 = Debug|Any CPU
		{8B501FB4-CC32-465E-8C62-DFC2F195920F}.Debug|x64.ActiveCfg = Debug|Any CPU
		{8B501FB4-CC32-465E-8C62-DFC2F195920F}.Debug|x64.Build.0 = Debug|Any CPU
		{8B501FB4-CC32-465E-8C62-DFC2F195920F}.Debug|x86.ActiveCfg = Debug|Any CPU
		{8B501FB4-CC32-465E-8C62-DFC2F195920F}.Debug|x86.Build.0 = Debug|Any CPU
		{8B501FB4-CC32-465E-8C62-DFC2F195920F}.Release|Any CPU.ActiveCfg = Release|Any CPU
		{8B501FB4-CC32-465E-8C62-DFC2F195920F}.Release|Any CPU.Build.0 = Release|Any CPU
		{8B501FB4-CC32-465E-8C62-DFC2F195920F}.Release|x64.ActiveCfg = Release|Any CPU
		{8B501FB4-CC32-465E-8C62-DFC2F195920F}.Release|x64.Build.0 = Release|Any CPU
		{8B501FB4-CC32-465E-8C62-DFC2F195920F}.Release|x86.ActiveCfg = Release|Any CPU
		{8B501FB4-CC32-465E-8C62-DFC2F195920F}.Release|x86.Build.0 = Release|Any CPU
		{E0E72711-584E-4297-BAB5-3BA8D82FF2BD}.Debug|Any CPU.ActiveCfg = Debug|Any CPU
		{E0E72711-584E-4297-BAB5-3BA8D82FF2BD}.Debug|Any CPU.Build.0 = Debug|Any CPU
		{E0E72711-584E-4297-BAB5-3BA8D82FF2BD}.Debug|x64.ActiveCfg = Debug|Any CPU
		{E0E72711-584E-4297-BAB5-3BA8D82FF2BD}.Debug|x64.Build.0 = Debug|Any CPU
		{E0E72711-584E-4297-BAB5-3BA8D82FF2BD}.Debug|x86.ActiveCfg = Debug|Any CPU
		{E0E72711-584E-4297-BAB5-3BA8D82FF2BD}.Debug|x86.Build.0 = Debug|Any CPU
		{E0E72711-584E-4297-BAB5-3BA8D82FF2BD}.Release|Any CPU.ActiveCfg = Release|Any CPU
		{E0E72711-584E-4297-BAB5-3BA8D82FF2BD}.Release|Any CPU.Build.0 = Release|Any CPU
		{E0E72711-584E-4297-BAB5-3BA8D82FF2BD}.Release|x64.ActiveCfg = Release|Any CPU
		{E0E72711-584E-4297-BAB5-3BA8D82FF2BD}.Release|x64.Build.0 = Release|Any CPU
		{E0E72711-584E-4297-BAB5-3BA8D82FF2BD}.Release|x86.ActiveCfg = Release|Any CPU
		{E0E72711-584E-4297-BAB5-3BA8D82FF2BD}.Release|x86.Build.0 = Release|Any CPU
	EndGlobalSection
	GlobalSection(SolutionProperties) = preSolution
		HideSolutionNode = FALSE
	EndGlobalSection
	GlobalSection(NestedProjects) = preSolution
		{706EAEA4-C965-42AA-8E9C-4CE4309F4407} = {ADF6EE36-CBEF-46BD-96E1-6E5CBE75C32E}
		{29BA1CE0-5D39-47E4-9937-42D161C56BB4} = {0D8413A8-70EB-4EED-BFFC-D340587B465F}
		{E23FFC87-641A-4A96-B32E-13B0BC450A32} = {0D8413A8-70EB-4EED-BFFC-D340587B465F}
		{7166CEFE-339D-44C4-A620-7E280382D3AE} = {E23FFC87-641A-4A96-B32E-13B0BC450A32}
		{A15069A8-A7F5-4A7F-9F4A-649F8D791563} = {E23FFC87-641A-4A96-B32E-13B0BC450A32}
		{A9446E3F-511A-4EC2-A3F0-42AD3EED3228} = {E23FFC87-641A-4A96-B32E-13B0BC450A32}
		{DF81E9B5-BDFA-4616-BF1D-82A855C95DF4} = {E23FFC87-641A-4A96-B32E-13B0BC450A32}
		{F3273890-3EFC-4EEC-ADC0-1E73997B7BDE} = {E23FFC87-641A-4A96-B32E-13B0BC450A32}
		{05D79234-B1A2-44EE-91D1-336227F028EC} = {E23FFC87-641A-4A96-B32E-13B0BC450A32}
		{B0D1C26E-5A1B-4790-B5D9-E9855EC91C7F} = {29BA1CE0-5D39-47E4-9937-42D161C56BB4}
		{06EC8784-6E4A-4400-91BD-91E663CC104C} = {29BA1CE0-5D39-47E4-9937-42D161C56BB4}
		{FE7F07B6-494F-48BA-8E5F-3069C6CAC461} = {ADF6EE36-CBEF-46BD-96E1-6E5CBE75C32E}
		{2CB73C67-E651-47F3-AECF-2540C29E6E6E} = {A15069A8-A7F5-4A7F-9F4A-649F8D791563}
		{44B8233D-96C9-48D6-99E8-9FA231455D3C} = {E23FFC87-641A-4A96-B32E-13B0BC450A32}
		{ABCD54F3-1956-45C0-AD26-11B574A7C9F9} = {7166CEFE-339D-44C4-A620-7E280382D3AE}
		{8B501FB4-CC32-465E-8C62-DFC2F195920F} = {5653B6B3-F2FD-4035-801A-7AF58358A001}
		{E0E72711-584E-4297-BAB5-3BA8D82FF2BD} = {02273822-C949-4F53-9702-723816DFC5D3}
	EndGlobalSection
	GlobalSection(ExtensibilityGlobals) = postSolution
		SolutionGuid = {2395DE78-89E6-4DB5-BB44-DB736FD83069}
	EndGlobalSection
EndGlobal
