
Microsoft Visual Studio Solution File, Format Version 12.00
# Visual Studio Version 17
VisualStudioVersion = 17.0.31919.166
MinimumVisualStudioVersion = 10.0.40219.1
Project("{2150E333-8FDC-42A3-9474-1A3956D46DE8}") = "RES ReqManager", "RES ReqManager", "{0D8413A8-70EB-4EED-BFFC-D340587B465F}"
EndProject
Project("{2150E333-8FDC-42A3-9474-1A3956D46DE8}") = "Client", "Client", "{29BA1CE0-5D39-47E4-9937-42D161C56BB4}"
EndProject
Project("{2150E333-8FDC-42A3-9474-1A3956D46DE8}") = "Server", "Server", "{E23FFC87-641A-4A96-B32E-13B0BC450A32}"
EndProject
Project("{2150E333-8FDC-42A3-9474-1A3956D46DE8}") = "Setup", "Setup", "{7166CEFE-339D-44C4-A620-7E280382D3AE}"
EndProject
Project("{2150E333-8FDC-42A3-9474-1A3956D46DE8}") = "Windows Service", "Windows Service", "{A15069A8-A7F5-4A7F-9F4A-649F8D791563}"
EndProject
Project("{8BC9CEB8-8B4A-11D0-8D11-00A0C91BC942}") = "TestGeoITDClientC++", "TestGeoITDClientC++\TestGeoITDClientC++.vcxproj", "{FE7F07B6-494F-48BA-8E5F-3069C6CAC461}"
EndProject
Project("{2150E333-8FDC-42A3-9474-1A3956D46DE8}") = "QR Web Client", "QR Web Client", "{02273822-C949-4F53-9702-723816DFC5D3}"
EndProject
Project("{2150E333-8FDC-42A3-9474-1A3956D46DE8}") = "Test", "Test", "{ADF6EE36-CBEF-46BD-96E1-6E5CBE75C32E}"
EndProject
Project("{2150E333-8FDC-42A3-9474-1A3956D46DE8}") = "Solution Items", "Solution Items", "{3734248D-C794-426E-8456-2CA05048BADF}"
	ProjectSection(SolutionItems) = preProject
		ToDo.txt = ToDo.txt
	EndProjectSection
EndProject
Project("{8BC9CEB8-8B4A-11D0-8D11-00A0C91BC942}") = "TWS.RES.QRClientW32", "TWS.RES.ReqManager\Client\TWS.RES.QRClientW32\TWS.RES.QRClient.vcxproj", "{CF2909F4-CF61-43A1-B63A-E155BB42982F}"
	ProjectSection(ProjectDependencies) = postProject
		{B0D1C26E-5A1B-4790-B5D9-E9855EC91C7F} = {B0D1C26E-5A1B-4790-B5D9-E9855EC91C7F}
	EndProjectSection
EndProject
Project("{8BC9CEB8-8B4A-11D0-8D11-00A0C91BC942}") = "ConsoleApplication1", "ConsoleApplication1\ConsoleApplication1.vcxproj", "{15132238-E142-44C5-8A0C-E797494510B5}"
EndProject
Project("{8BC9CEB8-8B4A-11D0-8D11-00A0C91BC942}") = "WSReqClientW32", "TWS.RES.ReqManager\Client\WSReqClientW32\WSReqClientW32.vcxproj", "{B0D1C26E-5A1B-4790-B5D9-E9855EC91C7F}"
EndProject
Project("{FAE04EC0-301F-11D3-BF4B-00C04F79EFBC}") = "TWS.Marshalling", "TWS.RES.ReqManager\Server\TWS.Marshaling\TWS.Marshalling.csproj", "{A9446E3F-511A-4EC2-A3F0-42AD3EED3228}"
EndProject
Project("{FAE04EC0-301F-11D3-BF4B-00C04F79EFBC}") = "TWS.Networking.ReqInstance", "TWS.RES.ReqManager\Server\TWS.Networking.ReqInstance\TWS.Networking.ReqInstance.csproj", "{DF81E9B5-BDFA-4616-BF1D-82A855C95DF4}"
EndProject
Project("{FAE04EC0-301F-11D3-BF4B-00C04F79EFBC}") = "TWS.Networking.Structs", "TWS.RES.ReqManager\Server\TWS.Networking.Structs\TWS.Networking.Structs.csproj", "{F3273890-3EFC-4EEC-ADC0-1E73997B7BDE}"
EndProject
Project("{FAE04EC0-301F-11D3-BF4B-00C04F79EFBC}") = "TWS.Networking.TServer", "TWS.RES.ReqManager\Server\TWS.Networking.TServer\TWS.Networking.TServer.csproj", "{05D79234-B1A2-44EE-91D1-336227F028EC}"
EndProject
Project("{FAE04EC0-301F-11D3-BF4B-00C04F79EFBC}") = "TWS.RES.QR.REQServer", "TWS.RES.ReqManager\Server\TWS.RES.QR.REQServer\TWS.RES.QR.REQServer.csproj", "{6E05CE02-B501-49D1-914A-D253839D72EC}"
EndProject
Project("{FAE04EC0-301F-11D3-BF4B-00C04F79EFBC}") = "TWS.RES.QR.PromotionReqInstance", "TWS.RES.ReqManager\Server\TWS.RES.QRInstance\TWS.RES.QR.PromotionReqInstance.csproj", "{44B8233D-96C9-48D6-99E8-9FA231455D3C}"
EndProject
Project("{FAE04EC0-301F-11D3-BF4B-00C04F79EFBC}") = "TestCS", "TestCS\TestCS.csproj", "{8BD9322D-E8C8-4A6B-A6C7-110313399932}"
EndProject
Project("{FAE04EC0-301F-11D3-BF4B-00C04F79EFBC}") = "TWS.Helpers.VS2010", "..\..\..\..\..\..\Programación\Librerías\tws.libs.git\C#\Helpers\tws.helpers\TWS.Helpers.VS2010.csproj", "{2FB773EF-4809-425B-A1D5-BAB39E46698C}"
EndProject
Project("{2150E333-8FDC-42A3-9474-1A3956D46DE8}") = "RES QR Promotion ReqServer Instance", "RES QR Promotion ReqServer Instance", "{6C45F4B8-AF10-498F-8B4B-82CA5C6BD27D}"
EndProject
Project("{FAE04EC0-301F-11D3-BF4B-00C04F79EFBC}") = "TWS.QR.VoucherWebClient", "TWS.QR.VoucherWebClient\TWS.QR.VoucherWebClient.csproj", "{53E33A4E-62D0-4803-9877-3D16277F2233}"
EndProject
Global
	GlobalSection(SolutionConfigurationPlatforms) = preSolution
		Debug|Any CPU = Debug|Any CPU
		Debug|x64 = Debug|x64
		Debug|x86 = Debug|x86
		Release|Any CPU = Release|Any CPU
		Release|x64 = Release|x64
		Release|x86 = Release|x86
	EndGlobalSection
	GlobalSection(ProjectConfigurationPlatforms) = postSolution
		{FE7F07B6-494F-48BA-8E5F-3069C6CAC461}.Debug|Any CPU.ActiveCfg = Debug|Win32
		{FE7F07B6-494F-48BA-8E5F-3069C6CAC461}.Debug|x64.ActiveCfg = Debug|x64
		{FE7F07B6-494F-48BA-8E5F-3069C6CAC461}.Debug|x64.Build.0 = Debug|x64
		{FE7F07B6-494F-48BA-8E5F-3069C6CAC461}.Debug|x86.ActiveCfg = Debug|Win32
		{FE7F07B6-494F-48BA-8E5F-3069C6CAC461}.Debug|x86.Build.0 = Debug|Win32
		{FE7F07B6-494F-48BA-8E5F-3069C6CAC461}.Release|Any CPU.ActiveCfg = Release|Win32
		{FE7F07B6-494F-48BA-8E5F-3069C6CAC461}.Release|x64.ActiveCfg = Release|x64
		{FE7F07B6-494F-48BA-8E5F-3069C6CAC461}.Release|x64.Build.0 = Release|x64
		{FE7F07B6-494F-48BA-8E5F-3069C6CAC461}.Release|x86.ActiveCfg = Release|Win32
		{FE7F07B6-494F-48BA-8E5F-3069C6CAC461}.Release|x86.Build.0 = Release|Win32
		{CF2909F4-CF61-43A1-B63A-E155BB42982F}.Debug|Any CPU.ActiveCfg = Debug|Win32
		{CF2909F4-CF61-43A1-B63A-E155BB42982F}.Debug|Any CPU.Build.0 = Debug|Win32
		{CF2909F4-CF61-43A1-B63A-E155BB42982F}.Debug|x64.ActiveCfg = Debug|x64
		{CF2909F4-CF61-43A1-B63A-E155BB42982F}.Debug|x64.Build.0 = Debug|x64
		{CF2909F4-CF61-43A1-B63A-E155BB42982F}.Debug|x86.ActiveCfg = Debug|Win32
		{CF2909F4-CF61-43A1-B63A-E155BB42982F}.Debug|x86.Build.0 = Debug|Win32
		{CF2909F4-CF61-43A1-B63A-E155BB42982F}.Release|Any CPU.ActiveCfg = Release|Win32
		{CF2909F4-CF61-43A1-B63A-E155BB42982F}.Release|Any CPU.Build.0 = Release|Win32
		{CF2909F4-CF61-43A1-B63A-E155BB42982F}.Release|x64.ActiveCfg = Release|x64
		{CF2909F4-CF61-43A1-B63A-E155BB42982F}.Release|x64.Build.0 = Release|x64
		{CF2909F4-CF61-43A1-B63A-E155BB42982F}.Release|x86.ActiveCfg = Release|Win32
		{CF2909F4-CF61-43A1-B63A-E155BB42982F}.Release|x86.Build.0 = Release|Win32
		{15132238-E142-44C5-8A0C-E797494510B5}.Debug|Any CPU.ActiveCfg = Debug|Win32
		{15132238-E142-44C5-8A0C-E797494510B5}.Debug|x64.ActiveCfg = Debug|x64
		{15132238-E142-44C5-8A0C-E797494510B5}.Debug|x64.Build.0 = Debug|x64
		{15132238-E142-44C5-8A0C-E797494510B5}.Debug|x86.ActiveCfg = Debug|Win32
		{15132238-E142-44C5-8A0C-E797494510B5}.Debug|x86.Build.0 = Debug|Win32
		{15132238-E142-44C5-8A0C-E797494510B5}.Release|Any CPU.ActiveCfg = Release|Win32
		{15132238-E142-44C5-8A0C-E797494510B5}.Release|x64.ActiveCfg = Release|x64
		{15132238-E142-44C5-8A0C-E797494510B5}.Release|x64.Build.0 = Release|x64
		{15132238-E142-44C5-8A0C-E797494510B5}.Release|x86.ActiveCfg = Release|Win32
		{15132238-E142-44C5-8A0C-E797494510B5}.Release|x86.Build.0 = Release|Win32
		{B0D1C26E-5A1B-4790-B5D9-E9855EC91C7F}.Debug|Any CPU.ActiveCfg = Debug|Win32
		{B0D1C26E-5A1B-4790-B5D9-E9855EC91C7F}.Debug|Any CPU.Build.0 = Debug|Win32
		{B0D1C26E-5A1B-4790-B5D9-E9855EC91C7F}.Debug|x64.ActiveCfg = Debug|x64
		{B0D1C26E-5A1B-4790-B5D9-E9855EC91C7F}.Debug|x64.Build.0 = Debug|x64
		{B0D1C26E-5A1B-4790-B5D9-E9855EC91C7F}.Debug|x86.ActiveCfg = Debug|Win32
		{B0D1C26E-5A1B-4790-B5D9-E9855EC91C7F}.Debug|x86.Build.0 = Debug|Win32
		{B0D1C26E-5A1B-4790-B5D9-E9855EC91C7F}.Release|Any CPU.ActiveCfg = Release|Win32
		{B0D1C26E-5A1B-4790-B5D9-E9855EC91C7F}.Release|Any CPU.Build.0 = Release|Win32
		{B0D1C26E-5A1B-4790-B5D9-E9855EC91C7F}.Release|x64.ActiveCfg = Release|x64
		{B0D1C26E-5A1B-4790-B5D9-E9855EC91C7F}.Release|x64.Build.0 = Release|x64
		{B0D1C26E-5A1B-4790-B5D9-E9855EC91C7F}.Release|x86.ActiveCfg = Release|Win32
		{B0D1C26E-5A1B-4790-B5D9-E9855EC91C7F}.Release|x86.Build.0 = Release|Win32
		{A9446E3F-511A-4EC2-A3F0-42AD3EED3228}.Debug|Any CPU.ActiveCfg = Debug|Any CPU
		{A9446E3F-511A-4EC2-A3F0-42AD3EED3228}.Debug|Any CPU.Build.0 = Debug|Any CPU
		{A9446E3F-511A-4EC2-A3F0-42AD3EED3228}.Debug|x64.ActiveCfg = Debug|Any CPU
		{A9446E3F-511A-4EC2-A3F0-42AD3EED3228}.Debug|x64.Build.0 = Debug|Any CPU
		{A9446E3F-511A-4EC2-A3F0-42AD3EED3228}.Debug|x86.ActiveCfg = Debug|Any CPU
		{A9446E3F-511A-4EC2-A3F0-42AD3EED3228}.Debug|x86.Build.0 = Debug|Any CPU
		{A9446E3F-511A-4EC2-A3F0-42AD3EED3228}.Release|Any CPU.ActiveCfg = Release|Any CPU
		{A9446E3F-511A-4EC2-A3F0-42AD3EED3228}.Release|Any CPU.Build.0 = Release|Any CPU
		{A9446E3F-511A-4EC2-A3F0-42AD3EED3228}.Release|x64.ActiveCfg = Release|Any CPU
		{A9446E3F-511A-4EC2-A3F0-42AD3EED3228}.Release|x64.Build.0 = Release|Any CPU
		{A9446E3F-511A-4EC2-A3F0-42AD3EED3228}.Release|x86.ActiveCfg = Release|Any CPU
		{A9446E3F-511A-4EC2-A3F0-42AD3EED3228}.Release|x86.Build.0 = Release|Any CPU
		{DF81E9B5-BDFA-4616-BF1D-82A855C95DF4}.Debug|Any CPU.ActiveCfg = Debug|Any CPU
		{DF81E9B5-BDFA-4616-BF1D-82A855C95DF4}.Debug|Any CPU.Build.0 = Debug|Any CPU
		{DF81E9B5-BDFA-4616-BF1D-82A855C95DF4}.Debug|x64.ActiveCfg = Debug|Any CPU
		{DF81E9B5-BDFA-4616-BF1D-82A855C95DF4}.Debug|x64.Build.0 = Debug|Any CPU
		{DF81E9B5-BDFA-4616-BF1D-82A855C95DF4}.Debug|x86.ActiveCfg = Debug|Any CPU
		{DF81E9B5-BDFA-4616-BF1D-82A855C95DF4}.Debug|x86.Build.0 = Debug|Any CPU
		{DF81E9B5-BDFA-4616-BF1D-82A855C95DF4}.Release|Any CPU.ActiveCfg = Release|Any CPU
		{DF81E9B5-BDFA-4616-BF1D-82A855C95DF4}.Release|Any CPU.Build.0 = Release|Any CPU
		{DF81E9B5-BDFA-4616-BF1D-82A855C95DF4}.Release|x64.ActiveCfg = Release|Any CPU
		{DF81E9B5-BDFA-4616-BF1D-82A855C95DF4}.Release|x64.Build.0 = Release|Any CPU
		{DF81E9B5-BDFA-4616-BF1D-82A855C95DF4}.Release|x86.ActiveCfg = Release|Any CPU
		{DF81E9B5-BDFA-4616-BF1D-82A855C95DF4}.Release|x86.Build.0 = Release|Any CPU
		{F3273890-3EFC-4EEC-ADC0-1E73997B7BDE}.Debug|Any CPU.ActiveCfg = Debug|Any CPU
		{F3273890-3EFC-4EEC-ADC0-1E73997B7BDE}.Debug|Any CPU.Build.0 = Debug|Any CPU
		{F3273890-3EFC-4EEC-ADC0-1E73997B7BDE}.Debug|x64.ActiveCfg = Debug|Any CPU
		{F3273890-3EFC-4EEC-ADC0-1E73997B7BDE}.Debug|x64.Build.0 = Debug|Any CPU
		{F3273890-3EFC-4EEC-ADC0-1E73997B7BDE}.Debug|x86.ActiveCfg = Debug|Any CPU
		{F3273890-3EFC-4EEC-ADC0-1E73997B7BDE}.Debug|x86.Build.0 = Debug|Any CPU
		{F3273890-3EFC-4EEC-ADC0-1E73997B7BDE}.Release|Any CPU.ActiveCfg = Release|Any CPU
		{F3273890-3EFC-4EEC-ADC0-1E73997B7BDE}.Release|Any CPU.Build.0 = Release|Any CPU
		{F3273890-3EFC-4EEC-ADC0-1E73997B7BDE}.Release|x64.ActiveCfg = Release|Any CPU
		{F3273890-3EFC-4EEC-ADC0-1E73997B7BDE}.Release|x64.Build.0 = Release|Any CPU
		{F3273890-3EFC-4EEC-ADC0-1E73997B7BDE}.Release|x86.ActiveCfg = Release|Any CPU
		{F3273890-3EFC-4EEC-ADC0-1E73997B7BDE}.Release|x86.Build.0 = Release|Any CPU
		{05D79234-B1A2-44EE-91D1-336227F028EC}.Debug|Any CPU.ActiveCfg = Debug|Any CPU
		{05D79234-B1A2-44EE-91D1-336227F028EC}.Debug|Any CPU.Build.0 = Debug|Any CPU
		{05D79234-B1A2-44EE-91D1-336227F028EC}.Debug|x64.ActiveCfg = Debug|Any CPU
		{05D79234-B1A2-44EE-91D1-336227F028EC}.Debug|x64.Build.0 = Debug|Any CPU
		{05D79234-B1A2-44EE-91D1-336227F028EC}.Debug|x86.ActiveCfg = Debug|Any CPU
		{05D79234-B1A2-44EE-91D1-336227F028EC}.Debug|x86.Build.0 = Debug|Any CPU
		{05D79234-B1A2-44EE-91D1-336227F028EC}.Release|Any CPU.ActiveCfg = Release|Any CPU
		{05D79234-B1A2-44EE-91D1-336227F028EC}.Release|Any CPU.Build.0 = Release|Any CPU
		{05D79234-B1A2-44EE-91D1-336227F028EC}.Release|x64.ActiveCfg = Release|Any CPU
		{05D79234-B1A2-44EE-91D1-336227F028EC}.Release|x64.Build.0 = Release|Any CPU
		{05D79234-B1A2-44EE-91D1-336227F028EC}.Release|x86.ActiveCfg = Release|Any CPU
		{05D79234-B1A2-44EE-91D1-336227F028EC}.Release|x86.Build.0 = Release|Any CPU
		{6E05CE02-B501-49D1-914A-D253839D72EC}.Debug|Any CPU.ActiveCfg = Debug|Any CPU
		{6E05CE02-B501-49D1-914A-D253839D72EC}.Debug|Any CPU.Build.0 = Debug|Any CPU
		{6E05CE02-B501-49D1-914A-D253839D72EC}.Debug|x64.ActiveCfg = Debug|Any CPU
		{6E05CE02-B501-49D1-914A-D253839D72EC}.Debug|x64.Build.0 = Debug|Any CPU
		{6E05CE02-B501-49D1-914A-D253839D72EC}.Debug|x86.ActiveCfg = Debug|Any CPU
		{6E05CE02-B501-49D1-914A-D253839D72EC}.Debug|x86.Build.0 = Debug|Any CPU
		{6E05CE02-B501-49D1-914A-D253839D72EC}.Release|Any CPU.ActiveCfg = Release|Any CPU
		{6E05CE02-B501-49D1-914A-D253839D72EC}.Release|Any CPU.Build.0 = Release|Any CPU
		{6E05CE02-B501-49D1-914A-D253839D72EC}.Release|x64.ActiveCfg = Release|Any CPU
		{6E05CE02-B501-49D1-914A-D253839D72EC}.Release|x64.Build.0 = Release|Any CPU
		{6E05CE02-B501-49D1-914A-D253839D72EC}.Release|x86.ActiveCfg = Release|Any CPU
		{6E05CE02-B501-49D1-914A-D253839D72EC}.Release|x86.Build.0 = Release|Any CPU
		{44B8233D-96C9-48D6-99E8-9FA231455D3C}.Debug|Any CPU.ActiveCfg = Debug|Any CPU
		{44B8233D-96C9-48D6-99E8-9FA231455D3C}.Debug|Any CPU.Build.0 = Debug|Any CPU
		{44B8233D-96C9-48D6-99E8-9FA231455D3C}.Debug|x64.ActiveCfg = Debug|Any CPU
		{44B8233D-96C9-48D6-99E8-9FA231455D3C}.Debug|x64.Build.0 = Debug|Any CPU
		{44B8233D-96C9-48D6-99E8-9FA231455D3C}.Debug|x86.ActiveCfg = Debug|Any CPU
		{44B8233D-96C9-48D6-99E8-9FA231455D3C}.Debug|x86.Build.0 = Debug|Any CPU
		{44B8233D-96C9-48D6-99E8-9FA231455D3C}.Release|Any CPU.ActiveCfg = Release|Any CPU
		{44B8233D-96C9-48D6-99E8-9FA231455D3C}.Release|Any CPU.Build.0 = Release|Any CPU
		{44B8233D-96C9-48D6-99E8-9FA231455D3C}.Release|x64.ActiveCfg = Release|Any CPU
		{44B8233D-96C9-48D6-99E8-9FA231455D3C}.Release|x64.Build.0 = Release|Any CPU
		{44B8233D-96C9-48D6-99E8-9FA231455D3C}.Release|x86.ActiveCfg = Release|Any CPU
		{44B8233D-96C9-48D6-99E8-9FA231455D3C}.Release|x86.Build.0 = Release|Any CPU
		{8BD9322D-E8C8-4A6B-A6C7-110313399932}.Debug|Any CPU.ActiveCfg = Debug|Any CPU
		{8BD9322D-E8C8-4A6B-A6C7-110313399932}.Debug|Any CPU.Build.0 = Debug|Any CPU
		{8BD9322D-E8C8-4A6B-A6C7-110313399932}.Debug|x64.ActiveCfg = Debug|Any CPU
		{8BD9322D-E8C8-4A6B-A6C7-110313399932}.Debug|x64.Build.0 = Debug|Any CPU
		{8BD9322D-E8C8-4A6B-A6C7-110313399932}.Debug|x86.ActiveCfg = Debug|Any CPU
		{8BD9322D-E8C8-4A6B-A6C7-110313399932}.Debug|x86.Build.0 = Debug|Any CPU
		{8BD9322D-E8C8-4A6B-A6C7-110313399932}.Release|Any CPU.ActiveCfg = Release|Any CPU
		{8BD9322D-E8C8-4A6B-A6C7-110313399932}.Release|Any CPU.Build.0 = Release|Any CPU
		{8BD9322D-E8C8-4A6B-A6C7-110313399932}.Release|x64.ActiveCfg = Release|Any CPU
		{8BD9322D-E8C8-4A6B-A6C7-110313399932}.Release|x64.Build.0 = Release|Any CPU
		{8BD9322D-E8C8-4A6B-A6C7-110313399932}.Release|x86.ActiveCfg = Release|Any CPU
		{8BD9322D-E8C8-4A6B-A6C7-110313399932}.Release|x86.Build.0 = Release|Any CPU
		{2FB773EF-4809-425B-A1D5-BAB39E46698C}.Debug|Any CPU.ActiveCfg = Debug|Any CPU
		{2FB773EF-4809-425B-A1D5-BAB39E46698C}.Debug|Any CPU.Build.0 = Debug|Any CPU
		{2FB773EF-4809-425B-A1D5-BAB39E46698C}.Debug|x64.ActiveCfg = Debug|x64
		{2FB773EF-4809-425B-A1D5-BAB39E46698C}.Debug|x64.Build.0 = Debug|x64
		{2FB773EF-4809-425B-A1D5-BAB39E46698C}.Debug|x86.ActiveCfg = Debug|x86
		{2FB773EF-4809-425B-A1D5-BAB39E46698C}.Debug|x86.Build.0 = Debug|x86
		{2FB773EF-4809-425B-A1D5-BAB39E46698C}.Release|Any CPU.ActiveCfg = Release|Any CPU
		{2FB773EF-4809-425B-A1D5-BAB39E46698C}.Release|Any CPU.Build.0 = Release|Any CPU
		{2FB773EF-4809-425B-A1D5-BAB39E46698C}.Release|x64.ActiveCfg = Release|x64
		{2FB773EF-4809-425B-A1D5-BAB39E46698C}.Release|x64.Build.0 = Release|x64
		{2FB773EF-4809-425B-A1D5-BAB39E46698C}.Release|x86.ActiveCfg = Release|x86
		{2FB773EF-4809-425B-A1D5-BAB39E46698C}.Release|x86.Build.0 = Release|x86
		{53E33A4E-62D0-4803-9877-3D16277F2233}.Debug|Any CPU.ActiveCfg = Debug|Any CPU
		{53E33A4E-62D0-4803-9877-3D16277F2233}.Debug|Any CPU.Build.0 = Debug|Any CPU
		{53E33A4E-62D0-4803-9877-3D16277F2233}.Debug|x64.ActiveCfg = Debug|Any CPU
		{53E33A4E-62D0-4803-9877-3D16277F2233}.Debug|x64.Build.0 = Debug|Any CPU
		{53E33A4E-62D0-4803-9877-3D16277F2233}.Debug|x86.ActiveCfg = Debug|Any CPU
		{53E33A4E-62D0-4803-9877-3D16277F2233}.Debug|x86.Build.0 = Debug|Any CPU
		{53E33A4E-62D0-4803-9877-3D16277F2233}.Release|Any CPU.ActiveCfg = Release|Any CPU
		{53E33A4E-62D0-4803-9877-3D16277F2233}.Release|Any CPU.Build.0 = Release|Any CPU
		{53E33A4E-62D0-4803-9877-3D16277F2233}.Release|x64.ActiveCfg = Release|Any CPU
		{53E33A4E-62D0-4803-9877-3D16277F2233}.Release|x64.Build.0 = Release|Any CPU
		{53E33A4E-62D0-4803-9877-3D16277F2233}.Release|x86.ActiveCfg = Release|Any CPU
		{53E33A4E-62D0-4803-9877-3D16277F2233}.Release|x86.Build.0 = Release|Any CPU
	EndGlobalSection
	GlobalSection(SolutionProperties) = preSolution
		HideSolutionNode = FALSE
	EndGlobalSection
	GlobalSection(NestedProjects) = preSolution
		{29BA1CE0-5D39-47E4-9937-42D161C56BB4} = {0D8413A8-70EB-4EED-BFFC-D340587B465F}
		{E23FFC87-641A-4A96-B32E-13B0BC450A32} = {0D8413A8-70EB-4EED-BFFC-D340587B465F}
		{7166CEFE-339D-44C4-A620-7E280382D3AE} = {E23FFC87-641A-4A96-B32E-13B0BC450A32}
		{A15069A8-A7F5-4A7F-9F4A-649F8D791563} = {E23FFC87-641A-4A96-B32E-13B0BC450A32}
		{FE7F07B6-494F-48BA-8E5F-3069C6CAC461} = {ADF6EE36-CBEF-46BD-96E1-6E5CBE75C32E}
		{CF2909F4-CF61-43A1-B63A-E155BB42982F} = {29BA1CE0-5D39-47E4-9937-42D161C56BB4}
		{15132238-E142-44C5-8A0C-E797494510B5} = {ADF6EE36-CBEF-46BD-96E1-6E5CBE75C32E}
		{B0D1C26E-5A1B-4790-B5D9-E9855EC91C7F} = {29BA1CE0-5D39-47E4-9937-42D161C56BB4}
		{A9446E3F-511A-4EC2-A3F0-42AD3EED3228} = {E23FFC87-641A-4A96-B32E-13B0BC450A32}
		{DF81E9B5-BDFA-4616-BF1D-82A855C95DF4} = {E23FFC87-641A-4A96-B32E-13B0BC450A32}
		{F3273890-3EFC-4EEC-ADC0-1E73997B7BDE} = {E23FFC87-641A-4A96-B32E-13B0BC450A32}
		{05D79234-B1A2-44EE-91D1-336227F028EC} = {E23FFC87-641A-4A96-B32E-13B0BC450A32}
		{6E05CE02-B501-49D1-914A-D253839D72EC} = {A15069A8-A7F5-4A7F-9F4A-649F8D791563}
		{44B8233D-96C9-48D6-99E8-9FA231455D3C} = {6C45F4B8-AF10-498F-8B4B-82CA5C6BD27D}
		{8BD9322D-E8C8-4A6B-A6C7-110313399932} = {ADF6EE36-CBEF-46BD-96E1-6E5CBE75C32E}
		{2FB773EF-4809-425B-A1D5-BAB39E46698C} = {ADF6EE36-CBEF-46BD-96E1-6E5CBE75C32E}
		{53E33A4E-62D0-4803-9877-3D16277F2233} = {02273822-C949-4F53-9702-723816DFC5D3}
	EndGlobalSection
	GlobalSection(ExtensibilityGlobals) = postSolution
		SolutionGuid = {2395DE78-89E6-4DB5-BB44-DB736FD83069}
	EndGlobalSection
EndGlobal
