
Microsoft Visual Studio Solution File, Format Version 10.00
# Visual Studio 2008
Project("{8BC9CEB8-8B4A-11D0-8D11-00A0C91BC942}") = "WSReqClientWCE50", "tws.res.ReqManager\Client\WSReqClientWCE\WSReqClientWCE50.vcproj", "{6A96D6CF-2EAB-4BF4-8749-10468EE83E03}"
EndProject
Project("{8BC9CEB8-8B4A-11D0-8D11-00A0C91BC942}") = "TWS.RES.QRClientWCE50", "tws.res.ReqManager\Client\TWS.RES.QRClientWCE\TWS.RES.QRClientWCE50.vcproj", "{663BC0FE-9275-4BBF-BE15-FFBBC108D745}"
	ProjectSection(ProjectDependencies) = postProject
		{6A96D6CF-2EAB-4BF4-8749-10468EE83E03} = {6A96D6CF-2EAB-4BF4-8749-10468EE83E03}
	EndProjectSection
EndProject
Global
	GlobalSection(SolutionConfigurationPlatforms) = preSolution
		Debug|STANDARDSDK_500 (x86) = Debug|STANDARDSDK_500 (x86)
		Release|STANDARDSDK_500 (x86) = Release|STANDARDSDK_500 (x86)
	EndGlobalSection
	GlobalSection(ProjectConfigurationPlatforms) = postSolution
		{6A96D6CF-2EAB-4BF4-8749-10468EE83E03}.Debug|STANDARDSDK_500 (x86).ActiveCfg = Debug|STANDARDSDK_500 (x86)
		{6A96D6CF-2EAB-4BF4-8749-10468EE83E03}.Debug|STANDARDSDK_500 (x86).Build.0 = Debug|STANDARDSDK_500 (x86)
		{6A96D6CF-2EAB-4BF4-8749-10468EE83E03}.Debug|STANDARDSDK_500 (x86).Deploy.0 = Debug|STANDARDSDK_500 (x86)
		{6A96D6CF-2EAB-4BF4-8749-10468EE83E03}.Release|STANDARDSDK_500 (x86).ActiveCfg = Release|STANDARDSDK_500 (x86)
		{6A96D6CF-2EAB-4BF4-8749-10468EE83E03}.Release|STANDARDSDK_500 (x86).Build.0 = Release|STANDARDSDK_500 (x86)
		{6A96D6CF-2EAB-4BF4-8749-10468EE83E03}.Release|STANDARDSDK_500 (x86).Deploy.0 = Release|STANDARDSDK_500 (x86)
		{663BC0FE-9275-4BBF-BE15-FFBBC108D745}.Debug|STANDARDSDK_500 (x86).ActiveCfg = Debug|STANDARDSDK_500 (x86)
		{663BC0FE-9275-4BBF-BE15-FFBBC108D745}.Debug|STANDARDSDK_500 (x86).Build.0 = Debug|STANDARDSDK_500 (x86)
		{663BC0FE-9275-4BBF-BE15-FFBBC108D745}.Debug|STANDARDSDK_500 (x86).Deploy.0 = Debug|STANDARDSDK_500 (x86)
		{663BC0FE-9275-4BBF-BE15-FFBBC108D745}.Release|STANDARDSDK_500 (x86).ActiveCfg = Release|STANDARDSDK_500 (x86)
		{663BC0FE-9275-4BBF-BE15-FFBBC108D745}.Release|STANDARDSDK_500 (x86).Build.0 = Release|STANDARDSDK_500 (x86)
		{663BC0FE-9275-4BBF-BE15-FFBBC108D745}.Release|STANDARDSDK_500 (x86).Deploy.0 = Release|STANDARDSDK_500 (x86)
	EndGlobalSection
	GlobalSection(SolutionProperties) = preSolution
		HideSolutionNode = FALSE
	EndGlobalSection
EndGlobal
